PODS:
  - AlignedCollectionViewFlowLayout (1.1.2)
  - Realm (4.3.1):
    - Realm/Headers (= 4.3.1)
  - Realm/Headers (4.3.1)
  - RealmSwift (4.3.1):
    - Realm (= 4.3.1)
  - SkeletonView (1.8.2)
  - TTRangeSlider (1.0.6)
  - XMLCoder (0.9.0)

DEPENDENCIES:
  - AlignedCollectionViewFlowLayout
  - RealmSwift
  - SkeletonView
  - TTRangeSlider
  - XMLCoder

SPEC REPOS:
  trunk:
    - AlignedCollectionViewFlowLayout
    - Realm
    - RealmSwift
    - SkeletonView
    - TTRangeSlider
    - XMLCoder

SPEC CHECKSUMS:
  AlignedCollectionViewFlowLayout: ee2ef451e741ec08f8e0967d828001e2f051c20a
  Realm: 31dc40934081ef740f60feedc46d88473cbfeb40
  RealmSwift: b5199e9a41f67b99f51acf6874a6166f5fbe93d1
  SkeletonView: bb27c39857e5492136f02ee8a3aa78de55d12ecd
  TTRangeSlider: 78188bea83f6471a06f75adbc88da5e990baeafe
  XMLCoder: f812facc69ac5fb5f4af9f970a9154ad0b614014

PODFILE CHECKSUM: 95d7f0c92ab79265de789c83bc0afc75dcb1fd12

COCOAPODS: 1.8.3
